
Microsoft Visual Studio Solution File, Format Version 12.00
# Visual Studio Version 17
VisualStudioVersion = 17.7.34024.191
MinimumVisualStudioVersion = 10.0.40219.1
Project("{FAE04EC0-301F-11D3-BF4B-00C04F79EFBC}") = "kgiantWebAPI", "kgiantWebAPI\kgiantWebAPI.csproj", "{739AD162-3E8B-465D-85B6-D69EDA11D1C1}"
EndProject
Global
	GlobalSection(SolutionConfigurationPlatforms) = preSolution
		Debug|Any CPU = Debug|Any CPU
		Release|Any CPU = Release|Any CPU
	EndGlobalSection
	GlobalSection(ProjectConfigurationPlatforms) = postSolution
		{739AD162-3E8B-465D-85B6-D69EDA11D1C1}.Debug|Any CPU.ActiveCfg = Debug|Any CPU
		{739AD162-3E8B-465D-85B6-D69EDA11D1C1}.Debug|Any CPU.Build.0 = Debug|Any CPU
		{739AD162-3E8B-465D-85B6-D69EDA11D1C1}.Release|Any CPU.ActiveCfg = Release|Any CPU
		{739AD162-3E8B-465D-85B6-D69EDA11D1C1}.Release|Any CPU.Build.0 = Release|Any CPU
	EndGlobalSection
	GlobalSection(SolutionProperties) = preSolution
		HideSolutionNode = FALSE
	EndGlobalSection
	GlobalSection(ExtensibilityGlobals) = postSolution
		SolutionGuid = {2D19AE26-7DEA-40BE-B1D8-318BCA8F9435}
	EndGlobalSection
EndGlobal
